
Microsoft Visual Studio Solution File, Format Version 12.00
# Visual Studio Version 17
VisualStudioVersion = 17.8.34205.153
MinimumVisualStudioVersion = 10.0.40219.1
Project("{FAE04EC0-301F-11D3-BF4B-00C04F79EFBC}") = "Catalog", "Catalog\Catalog.csproj", "{24F26D8A-31E3-4BB7-BF8A-0EBDEFBCD1BF}"
EndProject
Global
	GlobalSection(SolutionConfigurationPlatforms) = preSolution
		Debug|Any CPU = Debug|Any CPU
		Release|Any CPU = Release|Any CPU
	EndGlobalSection
	GlobalSection(ProjectConfigurationPlatforms) = postSolution
		{24F26D8A-31E3-4BB7-BF8A-0EBDEFBCD1BF}.Debug|Any CPU.ActiveCfg = Debug|Any CPU
		{24F26D8A-31E3-4BB7-BF8A-0EBDEFBCD1BF}.Debug|Any CPU.Build.0 = Debug|Any CPU
		{24F26D8A-31E3-4BB7-BF8A-0EBDEFBCD1BF}.Release|Any CPU.ActiveCfg = Release|Any CPU
		{24F26D8A-31E3-4BB7-BF8A-0EBDEFBCD1BF}.Release|Any CPU.Build.0 = Release|Any CPU
	EndGlobalSection
	GlobalSection(SolutionProperties) = preSolution
		HideSolutionNode = FALSE
	EndGlobalSection
	GlobalSection(ExtensibilityGlobals) = postSolution
		SolutionGuid = {F09EB3F0-F503-419D-BAA3-995CBF3F887C}
	EndGlobalSection
EndGlobal
